// !$*UTF8*$!
{
	archiveVersion = 1;
	classes = {
	};
	objectVersion = 46;
	objects = {

/* Begin PBXBuildFile section */
		04030B1C1AFAF1F60076D103 /* 1@3x.png in Resources */ = {isa = PBXBuildFile; fileRef = 04030B151AFAF1F60076D103 /* 1@3x.png */; };
		04030B1D1AFAF1F60076D103 /* 2@3x.png in Resources */ = {isa = PBXBuildFile; fileRef = 04030B161AFAF1F60076D103 /* 2@3x.png */; };
		04030B1E1AFAF1F60076D103 /* 3@3x.png in Resources */ = {isa = PBXBuildFile; fileRef = 04030B171AFAF1F60076D103 /* 3@3x.png */; };
		04030B1F1AFAF1F60076D103 /* 4@3x.png in Resources */ = {isa = PBXBuildFile; fileRef = 04030B181AFAF1F60076D103 /* 4@3x.png */; };
		04030B201AFAF1F60076D103 /* 5@3x.png in Resources */ = {isa = PBXBuildFile; fileRef = 04030B191AFAF1F60076D103 /* 5@3x.png */; };
		04030B211AFAF1F60076D103 /* 6@3x.png in Resources */ = {isa = PBXBuildFile; fileRef = 04030B1A1AFAF1F60076D103 /* 6@3x.png */; };
		04030B221AFAF1F60076D103 /* 7@3x.png in Resources */ = {isa = PBXBuildFile; fileRef = 04030B1B1AFAF1F60076D103 /* 7@3x.png */; };
		04030B251AFAF29B0076D103 /* MenuInterfaceController.m in Sources */ = {isa = PBXBuildFile; fileRef = 04030B241AFAF29B0076D103 /* MenuInterfaceController.m */; };
		04273C481AC395F000A5C259 /* UIColor+HexColor.m in Sources */ = {isa = PBXBuildFile; fileRef = 04273C471AC395F000A5C259 /* UIColor+HexColor.m */; };
		043462731AF9F13100570D6C /* MainRowType.m in Sources */ = {isa = PBXBuildFile; fileRef = 043462721AF9F13100570D6C /* MainRowType.m */; };
		043462761AFA089500570D6C /* MyDataObject.m in Sources */ = {isa = PBXBuildFile; fileRef = 043462751AFA089500570D6C /* MyDataObject.m */; };
		0434627B1AFA105000570D6C /* ContentInterfaceController.m in Sources */ = {isa = PBXBuildFile; fileRef = 0434627A1AFA105000570D6C /* ContentInterfaceController.m */; };
		04389B541AF1FFE8003E2407 /* InterfaceController.m in Sources */ = {isa = PBXBuildFile; fileRef = 04389B531AF1FFE8003E2407 /* InterfaceController.m */; };
		04389B571AF1FFE8003E2407 /* NotificationController.m in Sources */ = {isa = PBXBuildFile; fileRef = 04389B561AF1FFE8003E2407 /* NotificationController.m */; };
		04389B5A1AF1FFE8003E2407 /* GlanceController.m in Sources */ = {isa = PBXBuildFile; fileRef = 04389B591AF1FFE8003E2407 /* GlanceController.m */; };
		04389B5C1AF1FFE8003E2407 /* Images.xcassets in Resources */ = {isa = PBXBuildFile; fileRef = 04389B5B1AF1FFE8003E2407 /* Images.xcassets */; };
		04389B601AF1FFE8003E2407 /* widgetDemo WatchKit App.app in Resources */ = {isa = PBXBuildFile; fileRef = 04389B5F1AF1FFE8003E2407 /* widgetDemo WatchKit App.app */; };
		04389B681AF1FFE8003E2407 /* Interface.storyboard in Resources */ = {isa = PBXBuildFile; fileRef = 04389B661AF1FFE8003E2407 /* Interface.storyboard */; };
		04389B6A1AF1FFE8003E2407 /* Images.xcassets in Resources */ = {isa = PBXBuildFile; fileRef = 04389B691AF1FFE8003E2407 /* Images.xcassets */; };
		04389B6D1AF1FFE8003E2407 /* widgetDemo WatchKit Extension.appex in Embed App Extensions */ = {isa = PBXBuildFile; fileRef = 04389B4D1AF1FFE7003E2407 /* widgetDemo WatchKit Extension.appex */; settings = {ATTRIBUTES = (RemoveHeadersOnCopy, ); }; };
		046FF4AF1AC8DDEB00BE4CF3 /* ColorFulView.m in Sources */ = {isa = PBXBuildFile; fileRef = 046FF4AE1AC8DDEB00BE4CF3 /* ColorFulView.m */; };
		04940DBC1AB118ED008B7241 /* Foundation.framework in Frameworks */ = {isa = PBXBuildFile; fileRef = 04940DBB1AB118ED008B7241 /* Foundation.framework */; };
		04940DBE1AB118ED008B7241 /* CoreGraphics.framework in Frameworks */ = {isa = PBXBuildFile; fileRef = 04940DBD1AB118ED008B7241 /* CoreGraphics.framework */; };
		04940DC01AB118ED008B7241 /* UIKit.framework in Frameworks */ = {isa = PBXBuildFile; fileRef = 04940DBF1AB118ED008B7241 /* UIKit.framework */; };
		04940DC61AB118ED008B7241 /* InfoPlist.strings in Resources */ = {isa = PBXBuildFile; fileRef = 04940DC41AB118ED008B7241 /* InfoPlist.strings */; };
		04940DC81AB118ED008B7241 /* main.m in Sources */ = {isa = PBXBuildFile; fileRef = 04940DC71AB118ED008B7241 /* main.m */; settings = {COMPILER_FLAGS = "-fobjc-arc"; }; };
		04940DCC1AB118ED008B7241 /* AppDelegate.m in Sources */ = {isa = PBXBuildFile; fileRef = 04940DCB1AB118ED008B7241 /* AppDelegate.m */; };
		04940DCF1AB118ED008B7241 /* Main_iPhone.storyboard in Resources */ = {isa = PBXBuildFile; fileRef = 04940DCD1AB118ED008B7241 /* Main_iPhone.storyboard */; };
		04940DD21AB118ED008B7241 /* Main_iPad.storyboard in Resources */ = {isa = PBXBuildFile; fileRef = 04940DD01AB118ED008B7241 /* Main_iPad.storyboard */; };
		04940DD51AB118ED008B7241 /* ViewController.m in Sources */ = {isa = PBXBuildFile; fileRef = 04940DD41AB118ED008B7241 /* ViewController.m */; };
		04940DD71AB118ED008B7241 /* Images.xcassets in Resources */ = {isa = PBXBuildFile; fileRef = 04940DD61AB118ED008B7241 /* Images.xcassets */; };
		04940DDE1AB118ED008B7241 /* XCTest.framework in Frameworks */ = {isa = PBXBuildFile; fileRef = 04940DDD1AB118ED008B7241 /* XCTest.framework */; };
		04940DDF1AB118ED008B7241 /* Foundation.framework in Frameworks */ = {isa = PBXBuildFile; fileRef = 04940DBB1AB118ED008B7241 /* Foundation.framework */; };
		04940DE01AB118ED008B7241 /* UIKit.framework in Frameworks */ = {isa = PBXBuildFile; fileRef = 04940DBF1AB118ED008B7241 /* UIKit.framework */; };
		04940DE81AB118ED008B7241 /* InfoPlist.strings in Resources */ = {isa = PBXBuildFile; fileRef = 04940DE61AB118ED008B7241 /* InfoPlist.strings */; };
		04940DEA1AB118ED008B7241 /* widgetDemoTests.m in Sources */ = {isa = PBXBuildFile; fileRef = 04940DE91AB118ED008B7241 /* widgetDemoTests.m */; };
		04D29B6C1ACA3DE0008459B3 /* BeizierPathView.m in Sources */ = {isa = PBXBuildFile; fileRef = 04D29B6B1ACA3DE0008459B3 /* BeizierPathView.m */; };
		04DCC99B1B018B0800F3F157 /* NotificationCenter.framework in Frameworks */ = {isa = PBXBuildFile; fileRef = 040B93AA1AB1298D0028DAAE /* NotificationCenter.framework */; };
		04DCC9A11B018B0800F3F157 /* TodayViewController.m in Sources */ = {isa = PBXBuildFile; fileRef = 04DCC9A01B018B0800F3F157 /* TodayViewController.m */; };
		04DCC9A31B018B0800F3F157 /* MainInterface_today.storyboard in Resources */ = {isa = PBXBuildFile; fileRef = 04DCC9A21B018B0800F3F157 /* MainInterface_today.storyboard */; };
		04DCC9A61B018B0800F3F157 /* demoToday.appex in Embed App Extensions */ = {isa = PBXBuildFile; fileRef = 04DCC99A1B018B0800F3F157 /* demoToday.appex */; settings = {ATTRIBUTES = (RemoveHeadersOnCopy, ); }; };
		04DCC9AC1B0194D600F3F157 /* TodayTableViewCell.m in Sources */ = {isa = PBXBuildFile; fileRef = 04DCC9AB1B0194D600F3F157 /* TodayTableViewCell.m */; };
		04DCC9AF1B01C82F00F3F157 /* NextViewController.m in Sources */ = {isa = PBXBuildFile; fileRef = 04DCC9AE1B01C82F00F3F157 /* NextViewController.m */; };
		04E819981AF856AF00595379 /* sns_icon_1.png in Resources */ = {isa = PBXBuildFile; fileRef = 04E819961AF856AF00595379 /* sns_icon_1.png */; };
		04E819991AF856AF00595379 /* sns_icon_2.png in Resources */ = {isa = PBXBuildFile; fileRef = 04E819971AF856AF00595379 /* sns_icon_2.png */; };
/* End PBXBuildFile section */

/* Begin PBXContainerItemProxy section */
		04389B611AF1FFE8003E2407 /* PBXContainerItemProxy */ = {
			isa = PBXContainerItemProxy;
			containerPortal = 04940DB01AB118ED008B7241 /* Project object */;
			proxyType = 1;
			remoteGlobalIDString = 04389B5E1AF1FFE8003E2407;
			remoteInfo = "widgetDemo WatchKit App";
		};
		04389B6B1AF1FFE8003E2407 /* PBXContainerItemProxy */ = {
			isa = PBXContainerItemProxy;
			containerPortal = 04940DB01AB118ED008B7241 /* Project object */;
			proxyType = 1;
			remoteGlobalIDString = 04389B4C1AF1FFE7003E2407;
			remoteInfo = "widgetDemo WatchKit Extension";
		};
		04940DE11AB118ED008B7241 /* PBXContainerItemProxy */ = {
			isa = PBXContainerItemProxy;
			containerPortal = 04940DB01AB118ED008B7241 /* Project object */;
			proxyType = 1;
			remoteGlobalIDString = 04940DB71AB118ED008B7241;
			remoteInfo = widgetDemo;
		};
		04DCC9A41B018B0800F3F157 /* PBXContainerItemProxy */ = {
			isa = PBXContainerItemProxy;
			containerPortal = 04940DB01AB118ED008B7241 /* Project object */;
			proxyType = 1;
			remoteGlobalIDString = 04DCC9991B018B0800F3F157;
			remoteInfo = demoToday;
		};
/* End PBXContainerItemProxy section */

/* Begin PBXCopyFilesBuildPhase section */
		040B93A21AB11D5F0028DAAE /* Embed App Extensions */ = {
			isa = PBXCopyFilesBuildPhase;
			buildActionMask = 2147483647;
			dstPath = "";
			dstSubfolderSpec = 13;
			files = (
				04389B6D1AF1FFE8003E2407 /* widgetDemo WatchKit Extension.appex in Embed App Extensions */,
				04DCC9A61B018B0800F3F157 /* demoToday.appex in Embed App Extensions */,
			);
			name = "Embed App Extensions";
			runOnlyForDeploymentPostprocessing = 0;
		};
/* End PBXCopyFilesBuildPhase section */

/* Begin PBXFileReference section */
		04030B151AFAF1F60076D103 /* 1@3x.png */ = {isa = PBXFileReference; lastKnownFileType = image.png; path = "1@3x.png"; sourceTree = "<group>"; };
		04030B161AFAF1F60076D103 /* 2@3x.png */ = {isa = PBXFileReference; lastKnownFileType = image.png; path = "2@3x.png"; sourceTree = "<group>"; };
		04030B171AFAF1F60076D103 /* 3@3x.png */ = {isa = PBXFileReference; lastKnownFileType = image.png; path = "3@3x.png"; sourceTree = "<group>"; };
		04030B181AFAF1F60076D103 /* 4@3x.png */ = {isa = PBXFileReference; lastKnownFileType = image.png; path = "4@3x.png"; sourceTree = "<group>"; };
		04030B191AFAF1F60076D103 /* 5@3x.png */ = {isa = PBXFileReference; lastKnownFileType = image.png; path = "5@3x.png"; sourceTree = "<group>"; };
		04030B1A1AFAF1F60076D103 /* 6@3x.png */ = {isa = PBXFileReference; lastKnownFileType = image.png; path = "6@3x.png"; sourceTree = "<group>"; };
		04030B1B1AFAF1F60076D103 /* 7@3x.png */ = {isa = PBXFileReference; lastKnownFileType = image.png; path = "7@3x.png"; sourceTree = "<group>"; };
		04030B231AFAF29B0076D103 /* MenuInterfaceController.h */ = {isa = PBXFileReference; fileEncoding = 4; lastKnownFileType = sourcecode.c.h; path = MenuInterfaceController.h; sourceTree = "<group>"; };
		04030B241AFAF29B0076D103 /* MenuInterfaceController.m */ = {isa = PBXFileReference; fileEncoding = 4; lastKnownFileType = sourcecode.c.objc; path = MenuInterfaceController.m; sourceTree = "<group>"; };
		040B93A31AB128BB0028DAAE /* pic.jpg */ = {isa = PBXFileReference; lastKnownFileType = image.jpeg; name = pic.jpg; path = ../testWidget/pic.jpg; sourceTree = "<group>"; };
		040B93AA1AB1298D0028DAAE /* NotificationCenter.framework */ = {isa = PBXFileReference; lastKnownFileType = wrapper.framework; name = NotificationCenter.framework; path = System/Library/Frameworks/NotificationCenter.framework; sourceTree = SDKROOT; };
		04273C441AC393B300A5C259 /* QuartzCore.framework */ = {isa = PBXFileReference; lastKnownFileType = wrapper.framework; name = QuartzCore.framework; path = System/Library/Frameworks/QuartzCore.framework; sourceTree = SDKROOT; };
		04273C461AC395F000A5C259 /* UIColor+HexColor.h */ = {isa = PBXFileReference; fileEncoding = 4; lastKnownFileType = sourcecode.c.h; path = "UIColor+HexColor.h"; sourceTree = "<group>"; };
		04273C471AC395F000A5C259 /* UIColor+HexColor.m */ = {isa = PBXFileReference; fileEncoding = 4; lastKnownFileType = sourcecode.c.objc; path = "UIColor+HexColor.m"; sourceTree = "<group>"; };
		043462711AF9F13100570D6C /* MainRowType.h */ = {isa = PBXFileReference; fileEncoding = 4; lastKnownFileType = sourcecode.c.h; path = MainRowType.h; sourceTree = "<group>"; };
		043462721AF9F13100570D6C /* MainRowType.m */ = {isa = PBXFileReference; fileEncoding = 4; lastKnownFileType = sourcecode.c.objc; path = MainRowType.m; sourceTree = "<group>"; };
		043462741AFA089500570D6C /* MyDataObject.h */ = {isa = PBXFileReference; fileEncoding = 4; lastKnownFileType = sourcecode.c.h; path = MyDataObject.h; sourceTree = "<group>"; };
		043462751AFA089500570D6C /* MyDataObject.m */ = {isa = PBXFileReference; fileEncoding = 4; lastKnownFileType = sourcecode.c.objc; path = MyDataObject.m; sourceTree = "<group>"; };
		043462791AFA105000570D6C /* ContentInterfaceController.h */ = {isa = PBXFileReference; fileEncoding = 4; lastKnownFileType = sourcecode.c.h; path = ContentInterfaceController.h; sourceTree = "<group>"; };
		0434627A1AFA105000570D6C /* ContentInterfaceController.m */ = {isa = PBXFileReference; fileEncoding = 4; lastKnownFileType = sourcecode.c.objc; path = ContentInterfaceController.m; sourceTree = "<group>"; };
		04389B4D1AF1FFE7003E2407 /* widgetDemo WatchKit Extension.appex */ = {isa = PBXFileReference; explicitFileType = "wrapper.app-extension"; includeInIndex = 0; path = "widgetDemo WatchKit Extension.appex"; sourceTree = BUILT_PRODUCTS_DIR; };
		04389B501AF1FFE8003E2407 /* Info.plist */ = {isa = PBXFileReference; lastKnownFileType = text.plist.xml; path = Info.plist; sourceTree = "<group>"; };
		04389B511AF1FFE8003E2407 /* PushNotificationPayload.apns */ = {isa = PBXFileReference; lastKnownFileType = text; path = PushNotificationPayload.apns; sourceTree = "<group>"; };
		04389B521AF1FFE8003E2407 /* InterfaceController.h */ = {isa = PBXFileReference; lastKnownFileType = sourcecode.c.h; path = InterfaceController.h; sourceTree = "<group>"; };
		04389B531AF1FFE8003E2407 /* InterfaceController.m */ = {isa = PBXFileReference; lastKnownFileType = sourcecode.c.objc; path = InterfaceController.m; sourceTree = "<group>"; };
		04389B551AF1FFE8003E2407 /* NotificationController.h */ = {isa = PBXFileReference; lastKnownFileType = sourcecode.c.h; path = NotificationController.h; sourceTree = "<group>"; };
		04389B561AF1FFE8003E2407 /* NotificationController.m */ = {isa = PBXFileReference; lastKnownFileType = sourcecode.c.objc; path = NotificationController.m; sourceTree = "<group>"; };
		04389B581AF1FFE8003E2407 /* GlanceController.h */ = {isa = PBXFileReference; lastKnownFileType = sourcecode.c.h; path = GlanceController.h; sourceTree = "<group>"; };
		04389B591AF1FFE8003E2407 /* GlanceController.m */ = {isa = PBXFileReference; lastKnownFileType = sourcecode.c.objc; path = GlanceController.m; sourceTree = "<group>"; };
		04389B5B1AF1FFE8003E2407 /* Images.xcassets */ = {isa = PBXFileReference; lastKnownFileType = folder.assetcatalog; path = Images.xcassets; sourceTree = "<group>"; };
		04389B5F1AF1FFE8003E2407 /* widgetDemo WatchKit App.app */ = {isa = PBXFileReference; explicitFileType = wrapper.application; includeInIndex = 0; path = "widgetDemo WatchKit App.app"; sourceTree = BUILT_PRODUCTS_DIR; };
		04389B651AF1FFE8003E2407 /* Info.plist */ = {isa = PBXFileReference; lastKnownFileType = text.plist.xml; path = Info.plist; sourceTree = "<group>"; };
		04389B671AF1FFE8003E2407 /* Base */ = {isa = PBXFileReference; lastKnownFileType = file.storyboard; name = Base; path = Base.lproj/Interface.storyboard; sourceTree = "<group>"; };
		04389B691AF1FFE8003E2407 /* Images.xcassets */ = {isa = PBXFileReference; lastKnownFileType = folder.assetcatalog; path = Images.xcassets; sourceTree = "<group>"; };
		046FF4AD1AC8DDEB00BE4CF3 /* ColorFulView.h */ = {isa = PBXFileReference; fileEncoding = 4; lastKnownFileType = sourcecode.c.h; path = ColorFulView.h; sourceTree = "<group>"; };
		046FF4AE1AC8DDEB00BE4CF3 /* ColorFulView.m */ = {isa = PBXFileReference; fileEncoding = 4; lastKnownFileType = sourcecode.c.objc; path = ColorFulView.m; sourceTree = "<group>"; };
		04940DB81AB118ED008B7241 /* widgetDemo.app */ = {isa = PBXFileReference; explicitFileType = wrapper.application; includeInIndex = 0; path = widgetDemo.app; sourceTree = BUILT_PRODUCTS_DIR; };
		04940DBB1AB118ED008B7241 /* Foundation.framework */ = {isa = PBXFileReference; lastKnownFileType = wrapper.framework; name = Foundation.framework; path = System/Library/Frameworks/Foundation.framework; sourceTree = SDKROOT; };
		04940DBD1AB118ED008B7241 /* CoreGraphics.framework */ = {isa = PBXFileReference; lastKnownFileType = wrapper.framework; name = CoreGraphics.framework; path = System/Library/Frameworks/CoreGraphics.framework; sourceTree = SDKROOT; };
		04940DBF1AB118ED008B7241 /* UIKit.framework */ = {isa = PBXFileReference; lastKnownFileType = wrapper.framework; name = UIKit.framework; path = System/Library/Frameworks/UIKit.framework; sourceTree = SDKROOT; };
		04940DC31AB118ED008B7241 /* widgetDemo-Info.plist */ = {isa = PBXFileReference; lastKnownFileType = text.plist.xml; path = "widgetDemo-Info.plist"; sourceTree = "<group>"; };
		04940DC51AB118ED008B7241 /* en */ = {isa = PBXFileReference; lastKnownFileType = text.plist.strings; name = en; path = en.lproj/InfoPlist.strings; sourceTree = "<group>"; };
		04940DC71AB118ED008B7241 /* main.m */ = {isa = PBXFileReference; lastKnownFileType = sourcecode.c.objc; path = main.m; sourceTree = "<group>"; };
		04940DC91AB118ED008B7241 /* widgetDemo-Prefix.pch */ = {isa = PBXFileReference; lastKnownFileType = sourcecode.c.h; path = "widgetDemo-Prefix.pch"; sourceTree = "<group>"; };
		04940DCA1AB118ED008B7241 /* AppDelegate.h */ = {isa = PBXFileReference; lastKnownFileType = sourcecode.c.h; path = AppDelegate.h; sourceTree = "<group>"; };
		04940DCB1AB118ED008B7241 /* AppDelegate.m */ = {isa = PBXFileReference; lastKnownFileType = sourcecode.c.objc; path = AppDelegate.m; sourceTree = "<group>"; };
		04940DCE1AB118ED008B7241 /* Base */ = {isa = PBXFileReference; lastKnownFileType = file.storyboard; name = Base; path = Base.lproj/Main_iPhone.storyboard; sourceTree = "<group>"; };
		04940DD11AB118ED008B7241 /* Base */ = {isa = PBXFileReference; lastKnownFileType = file.storyboard; name = Base; path = Base.lproj/Main_iPad.storyboard; sourceTree = "<group>"; };
		04940DD31AB118ED008B7241 /* ViewController.h */ = {isa = PBXFileReference; lastKnownFileType = sourcecode.c.h; path = ViewController.h; sourceTree = "<group>"; };
		04940DD41AB118ED008B7241 /* ViewController.m */ = {isa = PBXFileReference; lastKnownFileType = sourcecode.c.objc; path = ViewController.m; sourceTree = "<group>"; };
		04940DD61AB118ED008B7241 /* Images.xcassets */ = {isa = PBXFileReference; lastKnownFileType = folder.assetcatalog; path = Images.xcassets; sourceTree = "<group>"; };
		04940DDC1AB118ED008B7241 /* widgetDemoTests.xctest */ = {isa = PBXFileReference; explicitFileType = wrapper.cfbundle; includeInIndex = 0; path = widgetDemoTests.xctest; sourceTree = BUILT_PRODUCTS_DIR; };
		04940DDD1AB118ED008B7241 /* XCTest.framework */ = {isa = PBXFileReference; lastKnownFileType = wrapper.framework; name = XCTest.framework; path = Library/Frameworks/XCTest.framework; sourceTree = DEVELOPER_DIR; };
		04940DE51AB118ED008B7241 /* widgetDemoTests-Info.plist */ = {isa = PBXFileReference; lastKnownFileType = text.plist.xml; path = "widgetDemoTests-Info.plist"; sourceTree = "<group>"; };
		04940DE71AB118ED008B7241 /* en */ = {isa = PBXFileReference; lastKnownFileType = text.plist.strings; name = en; path = en.lproj/InfoPlist.strings; sourceTree = "<group>"; };
		04940DE91AB118ED008B7241 /* widgetDemoTests.m */ = {isa = PBXFileReference; lastKnownFileType = sourcecode.c.objc; path = widgetDemoTests.m; sourceTree = "<group>"; };
		049A2F111B02D89B00C4B967 /* widgetDemo.entitlements */ = {isa = PBXFileReference; lastKnownFileType = text.xml; path = widgetDemo.entitlements; sourceTree = "<group>"; };
		04D29B6A1ACA3DE0008459B3 /* BeizierPathView.h */ = {isa = PBXFileReference; fileEncoding = 4; lastKnownFileType = sourcecode.c.h; path = BeizierPathView.h; sourceTree = "<group>"; };
		04D29B6B1ACA3DE0008459B3 /* BeizierPathView.m */ = {isa = PBXFileReference; fileEncoding = 4; lastKnownFileType = sourcecode.c.objc; path = BeizierPathView.m; sourceTree = "<group>"; };
		04DCC99A1B018B0800F3F157 /* demoToday.appex */ = {isa = PBXFileReference; explicitFileType = "wrapper.app-extension"; includeInIndex = 0; path = demoToday.appex; sourceTree = BUILT_PRODUCTS_DIR; };
		04DCC99E1B018B0800F3F157 /* Info.plist */ = {isa = PBXFileReference; lastKnownFileType = text.plist.xml; path = Info.plist; sourceTree = "<group>"; };
		04DCC99F1B018B0800F3F157 /* TodayViewController.h */ = {isa = PBXFileReference; lastKnownFileType = sourcecode.c.h; path = TodayViewController.h; sourceTree = "<group>"; };
		04DCC9A01B018B0800F3F157 /* TodayViewController.m */ = {isa = PBXFileReference; lastKnownFileType = sourcecode.c.objc; path = TodayViewController.m; sourceTree = "<group>"; };
		04DCC9A21B018B0800F3F157 /* MainInterface_today.storyboard */ = {isa = PBXFileReference; lastKnownFileType = file.storyboard; path = MainInterface_today.storyboard; sourceTree = "<group>"; };
		04DCC9AA1B0194D600F3F157 /* TodayTableViewCell.h */ = {isa = PBXFileReference; fileEncoding = 4; lastKnownFileType = sourcecode.c.h; path = TodayTableViewCell.h; sourceTree = "<group>"; };
		04DCC9AB1B0194D600F3F157 /* TodayTableViewCell.m */ = {isa = PBXFileReference; fileEncoding = 4; lastKnownFileType = sourcecode.c.objc; path = TodayTableViewCell.m; sourceTree = "<group>"; };
		04DCC9AD1B01C82F00F3F157 /* NextViewController.h */ = {isa = PBXFileReference; fileEncoding = 4; lastKnownFileType = sourcecode.c.h; path = NextViewController.h; sourceTree = "<group>"; };
		04DCC9AE1B01C82F00F3F157 /* NextViewController.m */ = {isa = PBXFileReference; fileEncoding = 4; lastKnownFileType = sourcecode.c.objc; path = NextViewController.m; sourceTree = "<group>"; };
		04DCC9B01B01DDFB00F3F157 /* demoToday.entitlements */ = {isa = PBXFileReference; lastKnownFileType = text.xml; path = demoToday.entitlements; sourceTree = "<group>"; };
		04E819961AF856AF00595379 /* sns_icon_1.png */ = {isa = PBXFileReference; lastKnownFileType = image.png; path = sns_icon_1.png; sourceTree = SOURCE_ROOT; };
		04E819971AF856AF00595379 /* sns_icon_2.png */ = {isa = PBXFileReference; lastKnownFileType = image.png; path = sns_icon_2.png; sourceTree = SOURCE_ROOT; };
/* End PBXFileReference section */

/* Begin PBXFrameworksBuildPhase section */
		04389B4A1AF1FFE7003E2407 /* Frameworks */ = {
			isa = PBXFrameworksBuildPhase;
			buildActionMask = 2147483647;
			files = (
			);
			runOnlyForDeploymentPostprocessing = 0;
		};
		04940DB51AB118ED008B7241 /* Frameworks */ = {
			isa = PBXFrameworksBuildPhase;
			buildActionMask = 2147483647;
			files = (
				04940DBE1AB118ED008B7241 /* CoreGraphics.framework in Frameworks */,
				04940DC01AB118ED008B7241 /* UIKit.framework in Frameworks */,
				04940DBC1AB118ED008B7241 /* Foundation.framework in Frameworks */,
			);
			runOnlyForDeploymentPostprocessing = 0;
		};
		04940DD91AB118ED008B7241 /* Frameworks */ = {
			isa = PBXFrameworksBuildPhase;
			buildActionMask = 2147483647;
			files = (
				04940DDE1AB118ED008B7241 /* XCTest.framework in Frameworks */,
				04940DE01AB118ED008B7241 /* UIKit.framework in Frameworks */,
				04940DDF1AB118ED008B7241 /* Foundation.framework in Frameworks */,
			);
			runOnlyForDeploymentPostprocessing = 0;
		};
		04DCC9971B018B0800F3F157 /* Frameworks */ = {
			isa = PBXFrameworksBuildPhase;
			buildActionMask = 2147483647;
			files = (
				04DCC99B1B018B0800F3F157 /* NotificationCenter.framework in Frameworks */,
			);
			runOnlyForDeploymentPostprocessing = 0;
		};
/* End PBXFrameworksBuildPhase section */

/* Begin PBXGroup section */
		04030B141AFAF1F60076D103 /* ICON */ = {
			isa = PBXGroup;
			children = (
				04030B151AFAF1F60076D103 /* 1@3x.png */,
				04030B161AFAF1F60076D103 /* 2@3x.png */,
				04030B171AFAF1F60076D103 /* 3@3x.png */,
				04030B181AFAF1F60076D103 /* 4@3x.png */,
				04030B191AFAF1F60076D103 /* 5@3x.png */,
				04030B1A1AFAF1F60076D103 /* 6@3x.png */,
				04030B1B1AFAF1F60076D103 /* 7@3x.png */,
			);
			path = ICON;
			sourceTree = "<group>";
		};
		04389B4E1AF1FFE7003E2407 /* widgetDemo WatchKit Extension */ = {
			isa = PBXGroup;
			children = (
				04030B141AFAF1F60076D103 /* ICON */,
				04389B521AF1FFE8003E2407 /* InterfaceController.h */,
				04389B531AF1FFE8003E2407 /* InterfaceController.m */,
				043462791AFA105000570D6C /* ContentInterfaceController.h */,
				0434627A1AFA105000570D6C /* ContentInterfaceController.m */,
				04030B231AFAF29B0076D103 /* MenuInterfaceController.h */,
				04030B241AFAF29B0076D103 /* MenuInterfaceController.m */,
				043462741AFA089500570D6C /* MyDataObject.h */,
				043462751AFA089500570D6C /* MyDataObject.m */,
				043462711AF9F13100570D6C /* MainRowType.h */,
				043462721AF9F13100570D6C /* MainRowType.m */,
				04389B551AF1FFE8003E2407 /* NotificationController.h */,
				04389B561AF1FFE8003E2407 /* NotificationController.m */,
				04389B581AF1FFE8003E2407 /* GlanceController.h */,
				04389B591AF1FFE8003E2407 /* GlanceController.m */,
				04389B5B1AF1FFE8003E2407 /* Images.xcassets */,
				04389B4F1AF1FFE8003E2407 /* Supporting Files */,
			);
			path = "widgetDemo WatchKit Extension";
			sourceTree = "<group>";
		};
		04389B4F1AF1FFE8003E2407 /* Supporting Files */ = {
			isa = PBXGroup;
			children = (
				04389B501AF1FFE8003E2407 /* Info.plist */,
				04389B511AF1FFE8003E2407 /* PushNotificationPayload.apns */,
			);
			name = "Supporting Files";
			sourceTree = "<group>";
		};
		04389B631AF1FFE8003E2407 /* widgetDemo WatchKit App */ = {
			isa = PBXGroup;
			children = (
				04389B661AF1FFE8003E2407 /* Interface.storyboard */,
				04389B691AF1FFE8003E2407 /* Images.xcassets */,
				04389B641AF1FFE8003E2407 /* Supporting Files */,
			);
			path = "widgetDemo WatchKit App";
			sourceTree = "<group>";
		};
		04389B641AF1FFE8003E2407 /* Supporting Files */ = {
			isa = PBXGroup;
			children = (
				04389B651AF1FFE8003E2407 /* Info.plist */,
			);
			name = "Supporting Files";
			sourceTree = "<group>";
		};
		04940DAF1AB118ED008B7241 = {
			isa = PBXGroup;
			children = (
				04940DC11AB118ED008B7241 /* widgetDemo */,
				04940DE31AB118ED008B7241 /* widgetDemoTests */,
				04389B4E1AF1FFE7003E2407 /* widgetDemo WatchKit Extension */,
				04389B631AF1FFE8003E2407 /* widgetDemo WatchKit App */,
				04DCC99C1B018B0800F3F157 /* demoToday */,
				04940DBA1AB118ED008B7241 /* Frameworks */,
				04940DB91AB118ED008B7241 /* Products */,
			);
			sourceTree = "<group>";
		};
		04940DB91AB118ED008B7241 /* Products */ = {
			isa = PBXGroup;
			children = (
				04940DB81AB118ED008B7241 /* widgetDemo.app */,
				04940DDC1AB118ED008B7241 /* widgetDemoTests.xctest */,
				04389B4D1AF1FFE7003E2407 /* widgetDemo WatchKit Extension.appex */,
				04389B5F1AF1FFE8003E2407 /* widgetDemo WatchKit App.app */,
				04DCC99A1B018B0800F3F157 /* demoToday.appex */,
			);
			name = Products;
			sourceTree = "<group>";
		};
		04940DBA1AB118ED008B7241 /* Frameworks */ = {
			isa = PBXGroup;
			children = (
				04273C441AC393B300A5C259 /* QuartzCore.framework */,
				04940DBB1AB118ED008B7241 /* Foundation.framework */,
				04940DBD1AB118ED008B7241 /* CoreGraphics.framework */,
				04940DBF1AB118ED008B7241 /* UIKit.framework */,
				04940DDD1AB118ED008B7241 /* XCTest.framework */,
				040B93AA1AB1298D0028DAAE /* NotificationCenter.framework */,
			);
			name = Frameworks;
			sourceTree = "<group>";
		};
		04940DC11AB118ED008B7241 /* widgetDemo */ = {
			isa = PBXGroup;
			children = (
				049A2F111B02D89B00C4B967 /* widgetDemo.entitlements */,
				04940DCA1AB118ED008B7241 /* AppDelegate.h */,
				04940DCB1AB118ED008B7241 /* AppDelegate.m */,
				04940DCD1AB118ED008B7241 /* Main_iPhone.storyboard */,
				04940DD01AB118ED008B7241 /* Main_iPad.storyboard */,
				04940DD31AB118ED008B7241 /* ViewController.h */,
				04940DD41AB118ED008B7241 /* ViewController.m */,
				04DCC9AD1B01C82F00F3F157 /* NextViewController.h */,
				04DCC9AE1B01C82F00F3F157 /* NextViewController.m */,
				046FF4AD1AC8DDEB00BE4CF3 /* ColorFulView.h */,
				046FF4AE1AC8DDEB00BE4CF3 /* ColorFulView.m */,
				04273C461AC395F000A5C259 /* UIColor+HexColor.h */,
				04273C471AC395F000A5C259 /* UIColor+HexColor.m */,
				04D29B6A1ACA3DE0008459B3 /* BeizierPathView.h */,
				04D29B6B1ACA3DE0008459B3 /* BeizierPathView.m */,
				04E819961AF856AF00595379 /* sns_icon_1.png */,
				04E819971AF856AF00595379 /* sns_icon_2.png */,
				04940DD61AB118ED008B7241 /* Images.xcassets */,
				04940DC21AB118ED008B7241 /* Supporting Files */,
			);
			path = widgetDemo;
			sourceTree = "<group>";
		};
		04940DC21AB118ED008B7241 /* Supporting Files */ = {
			isa = PBXGroup;
			children = (
				040B93A31AB128BB0028DAAE /* pic.jpg */,
				04940DC31AB118ED008B7241 /* widgetDemo-Info.plist */,
				04940DC41AB118ED008B7241 /* InfoPlist.strings */,
				04940DC71AB118ED008B7241 /* main.m */,
				04940DC91AB118ED008B7241 /* widgetDemo-Prefix.pch */,
			);
			name = "Supporting Files";
			sourceTree = "<group>";
		};
		04940DE31AB118ED008B7241 /* widgetDemoTests */ = {
			isa = PBXGroup;
			children = (
				04940DE91AB118ED008B7241 /* widgetDemoTests.m */,
				04940DE41AB118ED008B7241 /* Supporting Files */,
			);
			path = widgetDemoTests;
			sourceTree = "<group>";
		};
		04940DE41AB118ED008B7241 /* Supporting Files */ = {
			isa = PBXGroup;
			children = (
				04940DE51AB118ED008B7241 /* widgetDemoTests-Info.plist */,
				04940DE61AB118ED008B7241 /* InfoPlist.strings */,
			);
			name = "Supporting Files";
			sourceTree = "<group>";
		};
		04DCC99C1B018B0800F3F157 /* demoToday */ = {
			isa = PBXGroup;
			children = (
				04DCC9B01B01DDFB00F3F157 /* demoToday.entitlements */,
				04DCC99F1B018B0800F3F157 /* TodayViewController.h */,
				04DCC9A01B018B0800F3F157 /* TodayViewController.m */,
				04DCC9A21B018B0800F3F157 /* MainInterface_today.storyboard */,
				04DCC9AA1B0194D600F3F157 /* TodayTableViewCell.h */,
				04DCC9AB1B0194D600F3F157 /* TodayTableViewCell.m */,
				04DCC99D1B018B0800F3F157 /* Supporting Files */,
			);
			path = demoToday;
			sourceTree = "<group>";
		};
		04DCC99D1B018B0800F3F157 /* Supporting Files */ = {
			isa = PBXGroup;
			children = (
				04DCC99E1B018B0800F3F157 /* Info.plist */,
			);
			name = "Supporting Files";
			sourceTree = "<group>";
		};
/* End PBXGroup section */

/* Begin PBXNativeTarget section */
		04389B4C1AF1FFE7003E2407 /* widgetDemo WatchKit Extension */ = {
			isa = PBXNativeTarget;
			buildConfigurationList = 04389B731AF1FFE8003E2407 /* Build configuration list for PBXNativeTarget "widgetDemo WatchKit Extension" */;
			buildPhases = (
				04389B491AF1FFE7003E2407 /* Sources */,
				04389B4A1AF1FFE7003E2407 /* Frameworks */,
				04389B4B1AF1FFE7003E2407 /* Resources */,
			);
			buildRules = (
			);
			dependencies = (
				04389B621AF1FFE8003E2407 /* PBXTargetDependency */,
			);
			name = "widgetDemo WatchKit Extension";
			productName = "widgetDemo WatchKit Extension";
			productReference = 04389B4D1AF1FFE7003E2407 /* widgetDemo WatchKit Extension.appex */;
			productType = "com.apple.product-type.watchkit-extension";
		};
		04389B5E1AF1FFE8003E2407 /* widgetDemo WatchKit App */ = {
			isa = PBXNativeTarget;
			buildConfigurationList = 04389B721AF1FFE8003E2407 /* Build configuration list for PBXNativeTarget "widgetDemo WatchKit App" */;
			buildPhases = (
				04389B5D1AF1FFE8003E2407 /* Resources */,
			);
			buildRules = (
			);
			dependencies = (
			);
			name = "widgetDemo WatchKit App";
			productName = "widgetDemo WatchKit App";
			productReference = 04389B5F1AF1FFE8003E2407 /* widgetDemo WatchKit App.app */;
			productType = "com.apple.product-type.application.watchapp";
		};
		04940DB71AB118ED008B7241 /* widgetDemo */ = {
			isa = PBXNativeTarget;
			buildConfigurationList = 04940DED1AB118ED008B7241 /* Build configuration list for PBXNativeTarget "widgetDemo" */;
			buildPhases = (
				04940DB41AB118ED008B7241 /* Sources */,
				04940DB51AB118ED008B7241 /* Frameworks */,
				04940DB61AB118ED008B7241 /* Resources */,
				040B93A21AB11D5F0028DAAE /* Embed App Extensions */,
			);
			buildRules = (
			);
			dependencies = (
				04389B6C1AF1FFE8003E2407 /* PBXTargetDependency */,
				04DCC9A51B018B0800F3F157 /* PBXTargetDependency */,
			);
			name = widgetDemo;
			productName = widgetDemo;
			productReference = 04940DB81AB118ED008B7241 /* widgetDemo.app */;
			productType = "com.apple.product-type.application";
		};
		04940DDB1AB118ED008B7241 /* widgetDemoTests */ = {
			isa = PBXNativeTarget;
			buildConfigurationList = 04940DF01AB118ED008B7241 /* Build configuration list for PBXNativeTarget "widgetDemoTests" */;
			buildPhases = (
				04940DD81AB118ED008B7241 /* Sources */,
				04940DD91AB118ED008B7241 /* Frameworks */,
				04940DDA1AB118ED008B7241 /* Resources */,
			);
			buildRules = (
			);
			dependencies = (
				04940DE21AB118ED008B7241 /* PBXTargetDependency */,
			);
			name = widgetDemoTests;
			productName = widgetDemoTests;
			productReference = 04940DDC1AB118ED008B7241 /* widgetDemoTests.xctest */;
			productType = "com.apple.product-type.bundle.unit-test";
		};
		04DCC9991B018B0800F3F157 /* demoToday */ = {
			isa = PBXNativeTarget;
			buildConfigurationList = 04DCC9A71B018B0800F3F157 /* Build configuration list for PBXNativeTarget "demoToday" */;
			buildPhases = (
				04DCC9961B018B0800F3F157 /* Sources */,
				04DCC9971B018B0800F3F157 /* Frameworks */,
				04DCC9981B018B0800F3F157 /* Resources */,
			);
			buildRules = (
			);
			dependencies = (
			);
			name = demoToday;
			productName = demoToday;
			productReference = 04DCC99A1B018B0800F3F157 /* demoToday.appex */;
			productType = "com.apple.product-type.app-extension";
		};
/* End PBXNativeTarget section */

/* Begin PBXProject section */
		04940DB01AB118ED008B7241 /* Project object */ = {
			isa = PBXProject;
			attributes = {
				LastUpgradeCheck = 0510;
				ORGANIZATIONNAME = mac;
				TargetAttributes = {
					04389B4C1AF1FFE7003E2407 = {
						CreatedOnToolsVersion = 6.3.1;
						DevelopmentTeam = YU2XLP2S95;
					};
					04389B5E1AF1FFE8003E2407 = {
						CreatedOnToolsVersion = 6.3.1;
						DevelopmentTeam = YU2XLP2S95;
					};
					04940DB71AB118ED008B7241 = {
						DevelopmentTeam = YU2XLP2S95;
						SystemCapabilities = {
							com.apple.ApplicationGroups.iOS = {
								enabled = 1;
							};
						};
					};
					04940DDB1AB118ED008B7241 = {
						TestTargetID = 04940DB71AB118ED008B7241;
					};
					04DCC9991B018B0800F3F157 = {
						CreatedOnToolsVersion = 6.3.1;
						DevelopmentTeam = YU2XLP2S95;
						SystemCapabilities = {
							com.apple.ApplicationGroups.iOS = {
								enabled = 1;
							};
						};
					};
				};
			};
			buildConfigurationList = 04940DB31AB118ED008B7241 /* Build configuration list for PBXProject "widgetDemo" */;
			compatibilityVersion = "Xcode 3.2";
			developmentRegion = English;
			hasScannedForEncodings = 0;
			knownRegions = (
				en,
				Base,
			);
			mainGroup = 04940DAF1AB118ED008B7241;
			productRefGroup = 04940DB91AB118ED008B7241 /* Products */;
			projectDirPath = "";
			projectRoot = "";
			targets = (
				04940DB71AB118ED008B7241 /* widgetDemo */,
				04940DDB1AB118ED008B7241 /* widgetDemoTests */,
				04389B4C1AF1FFE7003E2407 /* widgetDemo WatchKit Extension */,
				04389B5E1AF1FFE8003E2407 /* widgetDemo WatchKit App */,
				04DCC9991B018B0800F3F157 /* demoToday */,
			);
		};
/* End PBXProject section */

/* Begin PBXResourcesBuildPhase section */
		04389B4B1AF1FFE7003E2407 /* Resources */ = {
			isa = PBXResourcesBuildPhase;
			buildActionMask = 2147483647;
			files = (
				04030B221AFAF1F60076D103 /* 7@3x.png in Resources */,
				04030B1F1AFAF1F60076D103 /* 4@3x.png in Resources */,
				04030B1D1AFAF1F60076D103 /* 2@3x.png in Resources */,
				04030B1C1AFAF1F60076D103 /* 1@3x.png in Resources */,
				04030B201AFAF1F60076D103 /* 5@3x.png in Resources */,
				04030B211AFAF1F60076D103 /* 6@3x.png in Resources */,
				04030B1E1AFAF1F60076D103 /* 3@3x.png in Resources */,
				04389B5C1AF1FFE8003E2407 /* Images.xcassets in Resources */,
				04389B601AF1FFE8003E2407 /* widgetDemo WatchKit App.app in Resources */,
			);
			runOnlyForDeploymentPostprocessing = 0;
		};
		04389B5D1AF1FFE8003E2407 /* Resources */ = {
			isa = PBXResourcesBuildPhase;
			buildActionMask = 2147483647;
			files = (
				04389B681AF1FFE8003E2407 /* Interface.storyboard in Resources */,
				04389B6A1AF1FFE8003E2407 /* Images.xcassets in Resources */,
			);
			runOnlyForDeploymentPostprocessing = 0;
		};
		04940DB61AB118ED008B7241 /* Resources */ = {
			isa = PBXResourcesBuildPhase;
			buildActionMask = 2147483647;
			files = (
				04940DD21AB118ED008B7241 /* Main_iPad.storyboard in Resources */,
				04940DD71AB118ED008B7241 /* Images.xcassets in Resources */,
				04E819991AF856AF00595379 /* sns_icon_2.png in Resources */,
				04E819981AF856AF00595379 /* sns_icon_1.png in Resources */,
				04940DCF1AB118ED008B7241 /* Main_iPhone.storyboard in Resources */,
				04940DC61AB118ED008B7241 /* InfoPlist.strings in Resources */,
			);
			runOnlyForDeploymentPostprocessing = 0;
		};
		04940DDA1AB118ED008B7241 /* Resources */ = {
			isa = PBXResourcesBuildPhase;
			buildActionMask = 2147483647;
			files = (
				04940DE81AB118ED008B7241 /* InfoPlist.strings in Resources */,
			);
			runOnlyForDeploymentPostprocessing = 0;
		};
		04DCC9981B018B0800F3F157 /* Resources */ = {
			isa = PBXResourcesBuildPhase;
			buildActionMask = 2147483647;
			files = (
				04DCC9A31B018B0800F3F157 /* MainInterface_today.storyboard in Resources */,
			);
			runOnlyForDeploymentPostprocessing = 0;
		};
/* End PBXResourcesBuildPhase section */

/* Begin PBXSourcesBuildPhase section */
		04389B491AF1FFE7003E2407 /* Sources */ = {
			isa = PBXSourcesBuildPhase;
			buildActionMask = 2147483647;
			files = (
				04389B571AF1FFE8003E2407 /* NotificationController.m in Sources */,
				04389B541AF1FFE8003E2407 /* InterfaceController.m in Sources */,
				043462761AFA089500570D6C /* MyDataObject.m in Sources */,
				0434627B1AFA105000570D6C /* ContentInterfaceController.m in Sources */,
				04030B251AFAF29B0076D103 /* MenuInterfaceController.m in Sources */,
				04389B5A1AF1FFE8003E2407 /* GlanceController.m in Sources */,
				043462731AF9F13100570D6C /* MainRowType.m in Sources */,
			);
			runOnlyForDeploymentPostprocessing = 0;
		};
		04940DB41AB118ED008B7241 /* Sources */ = {
			isa = PBXSourcesBuildPhase;
			buildActionMask = 2147483647;
			files = (
				04940DD51AB118ED008B7241 /* ViewController.m in Sources */,
				04273C481AC395F000A5C259 /* UIColor+HexColor.m in Sources */,
				04D29B6C1ACA3DE0008459B3 /* BeizierPathView.m in Sources */,
				04940DCC1AB118ED008B7241 /* AppDelegate.m in Sources */,
				04DCC9AF1B01C82F00F3F157 /* NextViewController.m in Sources */,
				046FF4AF1AC8DDEB00BE4CF3 /* ColorFulView.m in Sources */,
				04940DC81AB118ED008B7241 /* main.m in Sources */,
			);
			runOnlyForDeploymentPostprocessing = 0;
		};
		04940DD81AB118ED008B7241 /* Sources */ = {
			isa = PBXSourcesBuildPhase;
			buildActionMask = 2147483647;
			files = (
				04940DEA1AB118ED008B7241 /* widgetDemoTests.m in Sources */,
			);
			runOnlyForDeploymentPostprocessing = 0;
		};
		04DCC9961B018B0800F3F157 /* Sources */ = {
			isa = PBXSourcesBuildPhase;
			buildActionMask = 2147483647;
			files = (
				04DCC9A11B018B0800F3F157 /* TodayViewController.m in Sources */,
				04DCC9AC1B0194D600F3F157 /* TodayTableViewCell.m in Sources */,
			);
			runOnlyForDeploymentPostprocessing = 0;
		};
/* End PBXSourcesBuildPhase section */

/* Begin PBXTargetDependency section */
		04389B621AF1FFE8003E2407 /* PBXTargetDependency */ = {
			isa = PBXTargetDependency;
			target = 04389B5E1AF1FFE8003E2407 /* widgetDemo WatchKit App */;
			targetProxy = 04389B611AF1FFE8003E2407 /* PBXContainerItemProxy */;
		};
		04389B6C1AF1FFE8003E2407 /* PBXTargetDependency */ = {
			isa = PBXTargetDependency;
			target = 04389B4C1AF1FFE7003E2407 /* widgetDemo WatchKit Extension */;
			targetProxy = 04389B6B1AF1FFE8003E2407 /* PBXContainerItemProxy */;
		};
		04940DE21AB118ED008B7241 /* PBXTargetDependency */ = {
			isa = PBXTargetDependency;
			target = 04940DB71AB118ED008B7241 /* widgetDemo */;
			targetProxy = 04940DE11AB118ED008B7241 /* PBXContainerItemProxy */;
		};
		04DCC9A51B018B0800F3F157 /* PBXTargetDependency */ = {
			isa = PBXTargetDependency;
			target = 04DCC9991B018B0800F3F157 /* demoToday */;
			targetProxy = 04DCC9A41B018B0800F3F157 /* PBXContainerItemProxy */;
		};
/* End PBXTargetDependency section */

/* Begin PBXVariantGroup section */
		04389B661AF1FFE8003E2407 /* Interface.storyboard */ = {
			isa = PBXVariantGroup;
			children = (
				04389B671AF1FFE8003E2407 /* Base */,
			);
			name = Interface.storyboard;
			sourceTree = "<group>";
		};
		04940DC41AB118ED008B7241 /* InfoPlist.strings */ = {
			isa = PBXVariantGroup;
			children = (
				04940DC51AB118ED008B7241 /* en */,
			);
			name = InfoPlist.strings;
			sourceTree = "<group>";
		};
		04940DCD1AB118ED008B7241 /* Main_iPhone.storyboard */ = {
			isa = PBXVariantGroup;
			children = (
				04940DCE1AB118ED008B7241 /* Base */,
			);
			name = Main_iPhone.storyboard;
			sourceTree = "<group>";
		};
		04940DD01AB118ED008B7241 /* Main_iPad.storyboard */ = {
			isa = PBXVariantGroup;
			children = (
				04940DD11AB118ED008B7241 /* Base */,
			);
			name = Main_iPad.storyboard;
			sourceTree = "<group>";
		};
		04940DE61AB118ED008B7241 /* InfoPlist.strings */ = {
			isa = PBXVariantGroup;
			children = (
				04940DE71AB118ED008B7241 /* en */,
			);
			name = InfoPlist.strings;
			sourceTree = "<group>";
		};
/* End PBXVariantGroup section */

/* Begin XCBuildConfiguration section */
		04389B6E1AF1FFE8003E2407 /* Debug */ = {
			isa = XCBuildConfiguration;
			buildSettings = {
				CLANG_WARN_UNREACHABLE_CODE = YES;
				CODE_SIGN_IDENTITY = "iPhone Developer";
				"CODE_SIGN_IDENTITY[sdk=iphoneos*]" = "iPhone Developer";
				DEBUG_INFORMATION_FORMAT = "dwarf-with-dsym";
				ENABLE_STRICT_OBJC_MSGSEND = YES;
				GCC_NO_COMMON_BLOCKS = YES;
				GCC_PREPROCESSOR_DEFINITIONS = (
					"DEBUG=1",
					"$(inherited)",
				);
				INFOPLIST_FILE = "widgetDemo WatchKit Extension/Info.plist";
				IPHONEOS_DEPLOYMENT_TARGET = 8.2;
				LD_RUNPATH_SEARCH_PATHS = "$(inherited) @executable_path/Frameworks @executable_path/../../Frameworks";
				MTL_ENABLE_DEBUG_INFO = YES;
				PRODUCT_NAME = "${TARGET_NAME}";
				PROVISIONING_PROFILE = "";
				SKIP_INSTALL = YES;
			};
			name = Debug;
		};
		04389B6F1AF1FFE8003E2407 /* Release */ = {
			isa = XCBuildConfiguration;
			buildSettings = {
				CLANG_WARN_UNREACHABLE_CODE = YES;
				CODE_SIGN_IDENTITY = "iPhone Developer";
				"CODE_SIGN_IDENTITY[sdk=iphoneos*]" = "iPhone Developer";
				COPY_PHASE_STRIP = NO;
				DEBUG_INFORMATION_FORMAT = "dwarf-with-dsym";
				ENABLE_STRICT_OBJC_MSGSEND = YES;
				GCC_NO_COMMON_BLOCKS = YES;
				INFOPLIST_FILE = "widgetDemo WatchKit Extension/Info.plist";
				IPHONEOS_DEPLOYMENT_TARGET = 8.2;
				LD_RUNPATH_SEARCH_PATHS = "$(inherited) @executable_path/Frameworks @executable_path/../../Frameworks";
				MTL_ENABLE_DEBUG_INFO = NO;
				PRODUCT_NAME = "${TARGET_NAME}";
				PROVISIONING_PROFILE = "";
				SKIP_INSTALL = YES;
			};
			name = Release;
		};
		04389B701AF1FFE8003E2407 /* Debug */ = {
			isa = XCBuildConfiguration;
			buildSettings = {
				ASSETCATALOG_COMPILER_APPICON_NAME = AppIcon;
				CLANG_WARN_UNREACHABLE_CODE = YES;
				CODE_SIGN_IDENTITY = "iPhone Developer";
				"CODE_SIGN_IDENTITY[sdk=iphoneos*]" = "iPhone Developer";
				DEBUG_INFORMATION_FORMAT = "dwarf-with-dsym";
				ENABLE_STRICT_OBJC_MSGSEND = YES;
				GCC_NO_COMMON_BLOCKS = YES;
				GCC_PREPROCESSOR_DEFINITIONS = (
					"DEBUG=1",
					"$(inherited)",
				);
				IBSC_MODULE = widgetDemo_WatchKit_Extension;
				INFOPLIST_FILE = "widgetDemo WatchKit App/Info.plist";
				IPHONEOS_DEPLOYMENT_TARGET = 8.2;
				MTL_ENABLE_DEBUG_INFO = YES;
				PRODUCT_NAME = "$(TARGET_NAME)";
				PROVISIONING_PROFILE = "";
				SKIP_INSTALL = YES;
				TARGETED_DEVICE_FAMILY = 4;
				"TARGETED_DEVICE_FAMILY[sdk=iphonesimulator*]" = "1,4";
			};
			name = Debug;
		};
		04389B711AF1FFE8003E2407 /* Release */ = {
			isa = XCBuildConfiguration;
			buildSettings = {
				ASSETCATALOG_COMPILER_APPICON_NAME = AppIcon;
				CLANG_WARN_UNREACHABLE_CODE = YES;
				CODE_SIGN_IDENTITY = "iPhone Developer";
				"CODE_SIGN_IDENTITY[sdk=iphoneos*]" = "iPhone Developer";
				COPY_PHASE_STRIP = NO;
				DEBUG_INFORMATION_FORMAT = "dwarf-with-dsym";
				ENABLE_STRICT_OBJC_MSGSEND = YES;
				GCC_NO_COMMON_BLOCKS = YES;
				IBSC_MODULE = widgetDemo_WatchKit_Extension;
				INFOPLIST_FILE = "widgetDemo WatchKit App/Info.plist";
				IPHONEOS_DEPLOYMENT_TARGET = 8.2;
				MTL_ENABLE_DEBUG_INFO = NO;
				PRODUCT_NAME = "$(TARGET_NAME)";
				PROVISIONING_PROFILE = "";
				SKIP_INSTALL = YES;
				TARGETED_DEVICE_FAMILY = 4;
				"TARGETED_DEVICE_FAMILY[sdk=iphonesimulator*]" = "1,4";
			};
			name = Release;
		};
		04940DEB1AB118ED008B7241 /* Debug */ = {
			isa = XCBuildConfiguration;
			buildSettings = {
				ALWAYS_SEARCH_USER_PATHS = NO;
				CLANG_CXX_LANGUAGE_STANDARD = "gnu++0x";
				CLANG_CXX_LIBRARY = "libc++";
				CLANG_ENABLE_MODULES = YES;
				CLANG_ENABLE_OBJC_ARC = YES;
				CLANG_WARN_BOOL_CONVERSION = YES;
				CLANG_WARN_CONSTANT_CONVERSION = YES;
				CLANG_WARN_DIRECT_OBJC_ISA_USAGE = YES_ERROR;
				CLANG_WARN_EMPTY_BODY = YES;
				CLANG_WARN_ENUM_CONVERSION = YES;
				CLANG_WARN_INT_CONVERSION = YES;
				CLANG_WARN_OBJC_ROOT_CLASS = YES_ERROR;
				CLANG_WARN__DUPLICATE_METHOD_MATCH = YES;
				CODE_SIGN_IDENTITY = "iPhone Developer: ziyao zhang (WA2KSG629W)";
				"CODE_SIGN_IDENTITY[sdk=iphoneos*]" = "iPhone Developer: ziyao zhang (WA2KSG629W)";
				COPY_PHASE_STRIP = NO;
				GCC_C_LANGUAGE_STANDARD = gnu99;
				GCC_DYNAMIC_NO_PIC = NO;
				GCC_OPTIMIZATION_LEVEL = 0;
				GCC_PREPROCESSOR_DEFINITIONS = (
					"DEBUG=1",
					"$(inherited)",
				);
				GCC_SYMBOLS_PRIVATE_EXTERN = NO;
				GCC_WARN_64_TO_32_BIT_CONVERSION = YES;
				GCC_WARN_ABOUT_RETURN_TYPE = YES_ERROR;
				GCC_WARN_UNDECLARED_SELECTOR = YES;
				GCC_WARN_UNINITIALIZED_AUTOS = YES_AGGRESSIVE;
				GCC_WARN_UNUSED_FUNCTION = YES;
				GCC_WARN_UNUSED_VARIABLE = YES;
				IPHONEOS_DEPLOYMENT_TARGET = 7.1;
				ONLY_ACTIVE_ARCH = YES;
				PROVISIONING_PROFILE = "e784a62f-feba-4825-8472-c25cb8ce3b9a";
				SDKROOT = iphoneos;
				TARGETED_DEVICE_FAMILY = "1,2";
			};
			name = Debug;
		};
		04940DEC1AB118ED008B7241 /* Release */ = {
			isa = XCBuildConfiguration;
			buildSettings = {
				ALWAYS_SEARCH_USER_PATHS = NO;
				CLANG_CXX_LANGUAGE_STANDARD = "gnu++0x";
				CLANG_CXX_LIBRARY = "libc++";
				CLANG_ENABLE_MODULES = YES;
				CLANG_ENABLE_OBJC_ARC = YES;
				CLANG_WARN_BOOL_CONVERSION = YES;
				CLANG_WARN_CONSTANT_CONVERSION = YES;
				CLANG_WARN_DIRECT_OBJC_ISA_USAGE = YES_ERROR;
				CLANG_WARN_EMPTY_BODY = YES;
				CLANG_WARN_ENUM_CONVERSION = YES;
				CLANG_WARN_INT_CONVERSION = YES;
				CLANG_WARN_OBJC_ROOT_CLASS = YES_ERROR;
				CLANG_WARN__DUPLICATE_METHOD_MATCH = YES;
				CODE_SIGN_IDENTITY = "iPhone Developer: ziyao zhang (WA2KSG629W)";
				"CODE_SIGN_IDENTITY[sdk=iphoneos*]" = "iPhone Developer: ziyao zhang (WA2KSG629W)";
				COPY_PHASE_STRIP = YES;
				ENABLE_NS_ASSERTIONS = NO;
				GCC_C_LANGUAGE_STANDARD = gnu99;
				GCC_WARN_64_TO_32_BIT_CONVERSION = YES;
				GCC_WARN_ABOUT_RETURN_TYPE = YES_ERROR;
				GCC_WARN_UNDECLARED_SELECTOR = YES;
				GCC_WARN_UNINITIALIZED_AUTOS = YES_AGGRESSIVE;
				GCC_WARN_UNUSED_FUNCTION = YES;
				GCC_WARN_UNUSED_VARIABLE = YES;
				IPHONEOS_DEPLOYMENT_TARGET = 7.1;
				PROVISIONING_PROFILE = "e784a62f-feba-4825-8472-c25cb8ce3b9a";
				SDKROOT = iphoneos;
				TARGETED_DEVICE_FAMILY = "1,2";
				VALIDATE_PRODUCT = YES;
			};
			name = Release;
		};
		04940DEE1AB118ED008B7241 /* Debug */ = {
			isa = XCBuildConfiguration;
			buildSettings = {
				ASSETCATALOG_COMPILER_APPICON_NAME = AppIcon;
				ASSETCATALOG_COMPILER_LAUNCHIMAGE_NAME = LaunchImage;
				CODE_SIGN_ENTITLEMENTS = widgetDemo/widgetDemo.entitlements;
				CODE_SIGN_IDENTITY = "iPhone Developer";
				"CODE_SIGN_IDENTITY[sdk=iphoneos*]" = "iPhone Developer";
				GCC_PRECOMPILE_PREFIX_HEADER = YES;
				GCC_PREFIX_HEADER = "widgetDemo/widgetDemo-Prefix.pch";
				INFOPLIST_FILE = "widgetDemo/widgetDemo-Info.plist";
				PRODUCT_NAME = "$(TARGET_NAME)";
				PROVISIONING_PROFILE = "";
				WRAPPER_EXTENSION = app;
			};
			name = Debug;
		};
		04940DEF1AB118ED008B7241 /* Release */ = {
			isa = XCBuildConfiguration;
			buildSettings = {
				ASSETCATALOG_COMPILER_APPICON_NAME = AppIcon;
				ASSETCATALOG_COMPILER_LAUNCHIMAGE_NAME = LaunchImage;
				CODE_SIGN_ENTITLEMENTS = widgetDemo/widgetDemo.entitlements;
				CODE_SIGN_IDENTITY = "iPhone Developer";
				"CODE_SIGN_IDENTITY[sdk=iphoneos*]" = "iPhone Developer";
				GCC_PRECOMPILE_PREFIX_HEADER = YES;
				GCC_PREFIX_HEADER = "widgetDemo/widgetDemo-Prefix.pch";
				INFOPLIST_FILE = "widgetDemo/widgetDemo-Info.plist";
				PRODUCT_NAME = "$(TARGET_NAME)";
				PROVISIONING_PROFILE = "";
				WRAPPER_EXTENSION = app;
			};
			name = Release;
		};
		04940DF11AB118ED008B7241 /* Debug */ = {
			isa = XCBuildConfiguration;
			buildSettings = {
				BUNDLE_LOADER = "$(BUILT_PRODUCTS_DIR)/widgetDemo.app/widgetDemo";
				FRAMEWORK_SEARCH_PATHS = (
					"$(SDKROOT)/Developer/Library/Frameworks",
					"$(inherited)",
					"$(DEVELOPER_FRAMEWORKS_DIR)",
				);
				GCC_PRECOMPILE_PREFIX_HEADER = YES;
				GCC_PREFIX_HEADER = "widgetDemo/widgetDemo-Prefix.pch";
				GCC_PREPROCESSOR_DEFINITIONS = (
					"DEBUG=1",
					"$(inherited)",
				);
				INFOPLIST_FILE = "widgetDemoTests/widgetDemoTests-Info.plist";
				PRODUCT_NAME = "$(TARGET_NAME)";
				TEST_HOST = "$(BUNDLE_LOADER)";
				WRAPPER_EXTENSION = xctest;
			};
			name = Debug;
		};
		04940DF21AB118ED008B7241 /* Release */ = {
			isa = XCBuildConfiguration;
			buildSettings = {
				BUNDLE_LOADER = "$(BUILT_PRODUCTS_DIR)/widgetDemo.app/widgetDemo";
				FRAMEWORK_SEARCH_PATHS = (
					"$(SDKROOT)/Developer/Library/Frameworks",
					"$(inherited)",
					"$(DEVELOPER_FRAMEWORKS_DIR)",
				);
				GCC_PRECOMPILE_PREFIX_HEADER = YES;
				GCC_PREFIX_HEADER = "widgetDemo/widgetDemo-Prefix.pch";
				INFOPLIST_FILE = "widgetDemoTests/widgetDemoTests-Info.plist";
				PRODUCT_NAME = "$(TARGET_NAME)";
				TEST_HOST = "$(BUNDLE_LOADER)";
				WRAPPER_EXTENSION = xctest;
			};
			name = Release;
		};
		04DCC9A81B018B0800F3F157 /* Debug */ = {
			isa = XCBuildConfiguration;
			buildSettings = {
				CLANG_WARN_UNREACHABLE_CODE = YES;
				CODE_SIGN_ENTITLEMENTS = demoToday/demoToday.entitlements;
				CODE_SIGN_IDENTITY = "iPhone Developer";
				"CODE_SIGN_IDENTITY[sdk=iphoneos*]" = "iPhone Developer";
				DEBUG_INFORMATION_FORMAT = "dwarf-with-dsym";
				ENABLE_STRICT_OBJC_MSGSEND = YES;
				GCC_NO_COMMON_BLOCKS = YES;
				GCC_PREPROCESSOR_DEFINITIONS = (
					"DEBUG=1",
					"$(inherited)",
				);
				INFOPLIST_FILE = demoToday/Info.plist;
				IPHONEOS_DEPLOYMENT_TARGET = 8.3;
				LD_RUNPATH_SEARCH_PATHS = "$(inherited) @executable_path/Frameworks @executable_path/../../Frameworks";
				MTL_ENABLE_DEBUG_INFO = YES;
				PRODUCT_NAME = "$(TARGET_NAME)";
				PROVISIONING_PROFILE = "";
				SKIP_INSTALL = YES;
			};
			name = Debug;
		};
		04DCC9A91B018B0800F3F157 /* Release */ = {
			isa = XCBuildConfiguration;
			buildSettings = {
				CLANG_WARN_UNREACHABLE_CODE = YES;
				CODE_SIGN_ENTITLEMENTS = demoToday/demoToday.entitlements;
				CODE_SIGN_IDENTITY = "iPhone Developer";
				"CODE_SIGN_IDENTITY[sdk=iphoneos*]" = "iPhone Developer";
				COPY_PHASE_STRIP = NO;
				DEBUG_INFORMATION_FORMAT = "dwarf-with-dsym";
				ENABLE_STRICT_OBJC_MSGSEND = YES;
				GCC_NO_COMMON_BLOCKS = YES;
				INFOPLIST_FILE = demoToday/Info.plist;
				IPHONEOS_DEPLOYMENT_TARGET = 8.3;
				LD_RUNPATH_SEARCH_PATHS = "$(inherited) @executable_path/Frameworks @executable_path/../../Frameworks";
				MTL_ENABLE_DEBUG_INFO = NO;
				PRODUCT_NAME = "$(TARGET_NAME)";
				PROVISIONING_PROFILE = "";
				SKIP_INSTALL = YES;
			};
			name = Release;
		};
/* End XCBuildConfiguration section */

/* Begin XCConfigurationList section */
		04389B721AF1FFE8003E2407 /* Build configuration list for PBXNativeTarget "widgetDemo WatchKit App" */ = {
			isa = XCConfigurationList;
			buildConfigurations = (
				04389B701AF1FFE8003E2407 /* Debug */,
				04389B711AF1FFE8003E2407 /* Release */,
			);
			defaultConfigurationIsVisible = 0;
			defaultConfigurationName = Release;
		};
		04389B731AF1FFE8003E2407 /* Build configuration list for PBXNativeTarget "widgetDemo WatchKit Extension" */ = {
			isa = XCConfigurationList;
			buildConfigurations = (
				04389B6E1AF1FFE8003E2407 /* Debug */,
				04389B6F1AF1FFE8003E2407 /* Release */,
			);
			defaultConfigurationIsVisible = 0;
			defaultConfigurationName = Release;
		};
		04940DB31AB118ED008B7241 /* Build configuration list for PBXProject "widgetDemo" */ = {
			isa = XCConfigurationList;
			buildConfigurations = (
				04940DEB1AB118ED008B7241 /* Debug */,
				04940DEC1AB118ED008B7241 /* Release */,
			);
			defaultConfigurationIsVisible = 0;
			defaultConfigurationName = Release;
		};
		04940DED1AB118ED008B7241 /* Build configuration list for PBXNativeTarget "widgetDemo" */ = {
			isa = XCConfigurationList;
			buildConfigurations = (
				04940DEE1AB118ED008B7241 /* Debug */,
				04940DEF1AB118ED008B7241 /* Release */,
			);
			defaultConfigurationIsVisible = 0;
			defaultConfigurationName = Release;
		};
		04940DF01AB118ED008B7241 /* Build configuration list for PBXNativeTarget "widgetDemoTests" */ = {
			isa = XCConfigurationList;
			buildConfigurations = (
				04940DF11AB118ED008B7241 /* Debug */,
				04940DF21AB118ED008B7241 /* Release */,
			);
			defaultConfigurationIsVisible = 0;
			defaultConfigurationName = Release;
		};
		04DCC9A71B018B0800F3F157 /* Build configuration list for PBXNativeTarget "demoToday" */ = {
			isa = XCConfigurationList;
			buildConfigurations = (
				04DCC9A81B018B0800F3F157 /* Debug */,
				04DCC9A91B018B0800F3F157 /* Release */,
			);
			defaultConfigurationIsVisible = 0;
			defaultConfigurationName = Release;
		};
/* End XCConfigurationList section */
	};
	rootObject = 04940DB01AB118ED008B7241 /* Project object */;
}
